{
  "name": "client-learning-protocol",
  "version": "1.0.0",
  "lockfileVersion": 3,
  "requires": true,
  "packages": {
    "": {
      "name": "client-learning-protocol",
      "version": "1.0.0",
      "license": "ISC",
      "dependencies": {
        "client-learning-protocol": "file:"
      }
    },
    "node_modules/client-learning-protocol": {
      "resolved": "",
      "link": true
    }
  }
}
